
Microsoft Visual Studio Solution File, Format Version 11.00
# Visual Studio 2010
Project("{E24C65DC-7377-472B-9ABA-BC803B73C61A}") = "GHG", ".", "{C5EB8122-D538-47D2-AF39-4C667EC01240}"
	ProjectSection(WebsiteProperties) = preProject
		TargetFrameworkMoniker = ".NETFramework,Version%3Dv3.5"
		Debug.AspNetCompiler.VirtualPath = "/GHG"
		Debug.AspNetCompiler.PhysicalPath = "..\GHG\"
		Debug.AspNetCompiler.TargetPath = "PrecompiledWeb\GHG\"
		Debug.AspNetCompiler.Updateable = "true"
		Debug.AspNetCompiler.ForceOverwrite = "true"
		Debug.AspNetCompiler.FixedNames = "false"
		Debug.AspNetCompiler.Debug = "True"
		Release.AspNetCompiler.VirtualPath = "/GHG"
		Release.AspNetCompiler.PhysicalPath = "..\GHG\"
		Release.AspNetCompiler.TargetPath = "PrecompiledWeb\GHG\"
		Release.AspNetCompiler.Updateable = "true"
		Release.AspNetCompiler.ForceOverwrite = "true"
		Release.AspNetCompiler.FixedNames = "false"
		Release.AspNetCompiler.Debug = "False"
		VWDPort = "9168"
		VWDVirtualPath = "/GHG"
	EndProjectSection
EndProject
Global
	GlobalSection(SolutionConfigurationPlatforms) = preSolution
		Debug|Any CPU = Debug|Any CPU
	EndGlobalSection
	GlobalSection(ProjectConfigurationPlatforms) = postSolution
		{C5EB8122-D538-47D2-AF39-4C667EC01240}.Debug|Any CPU.ActiveCfg = Debug|Any CPU
		{C5EB8122-D538-47D2-AF39-4C667EC01240}.Debug|Any CPU.Build.0 = Debug|Any CPU
	EndGlobalSection
	GlobalSection(SolutionProperties) = preSolution
		HideSolutionNode = FALSE
	EndGlobalSection
EndGlobal
